// !$*UTF8*$!
{
	archiveVersion = 1;
	classes = {
	};
	objectVersion = 48;
	objects = {

/* Begin PBXBuildFile section */
		D4DD138B20807FB8009EEBE4 /* AppDelegate.swift in Sources */ = {isa = PBXBuildFile; fileRef = D4DD138A20807FB8009EEBE4 /* AppDelegate.swift */; };
		D4DD138D20807FB8009EEBE4 /* ViewController.swift in Sources */ = {isa = PBXBuildFile; fileRef = D4DD138C20807FB8009EEBE4 /* ViewController.swift */; };
		D4DD139020807FB8009EEBE4 /* Main.storyboard in Resources */ = {isa = PBXBuildFile; fileRef = D4DD138E20807FB8009EEBE4 /* Main.storyboard */; };
		D4DD139220807FB8009EEBE4 /* Assets.xcassets in Resources */ = {isa = PBXBuildFile; fileRef = D4DD139120807FB8009EEBE4 /* Assets.xcassets */; };
		D4DD139520807FB8009EEBE4 /* LaunchScreen.storyboard in Resources */ = {isa = PBXBuildFile; fileRef = D4DD139320807FB8009EEBE4 /* LaunchScreen.storyboard */; };
		D4DD13A020807FB8009EEBE4 /* CricketersCollectionViewTests.swift in Sources */ = {isa = PBXBuildFile; fileRef = D4DD139F20807FB8009EEBE4 /* CricketersCollectionViewTests.swift */; };
		D4DD13AB20807FB8009EEBE4 /* CricketersCollectionViewUITests.swift in Sources */ = {isa = PBXBuildFile; fileRef = D4DD13AA20807FB8009EEBE4 /* CricketersCollectionViewUITests.swift */; };
		D4DD13B920808430009EEBE4 /* CellCollection.swift in Sources */ = {isa = PBXBuildFile; fileRef = D4DD13B820808430009EEBE4 /* CellCollection.swift */; };
/* End PBXBuildFile section */

/* Begin PBXContainerItemProxy section */
		D4DD139C20807FB8009EEBE4 /* PBXContainerItemProxy */ = {
			isa = PBXContainerItemProxy;
			containerPortal = D4DD137F20807FB8009EEBE4 /* Project object */;
			proxyType = 1;
			remoteGlobalIDString = D4DD138620807FB8009EEBE4;
			remoteInfo = CricketersCollectionView;
		};
		D4DD13A720807FB8009EEBE4 /* PBXContainerItemProxy */ = {
			isa = PBXContainerItemProxy;
			containerPortal = D4DD137F20807FB8009EEBE4 /* Project object */;
			proxyType = 1;
			remoteGlobalIDString = D4DD138620807FB8009EEBE4;
			remoteInfo = CricketersCollectionView;
		};
/* End PBXContainerItemProxy section */

/* Begin PBXFileReference section */
		D4DD138720807FB8009EEBE4 /* CricketersCollectionView.app */ = {isa = PBXFileReference; explicitFileType = wrapper.application; includeInIndex = 0; path = CricketersCollectionView.app; sourceTree = BUILT_PRODUCTS_DIR; };
		D4DD138A20807FB8009EEBE4 /* AppDelegate.swift */ = {isa = PBXFileReference; lastKnownFileType = sourcecode.swift; path = AppDelegate.swift; sourceTree = "<group>"; };
		D4DD138C20807FB8009EEBE4 /* ViewController.swift */ = {isa = PBXFileReference; lastKnownFileType = sourcecode.swift; path = ViewController.swift; sourceTree = "<group>"; };
		D4DD138F20807FB8009EEBE4 /* Base */ = {isa = PBXFileReference; lastKnownFileType = file.storyboard; name = Base; path = Base.lproj/Main.storyboard; sourceTree = "<group>"; };
		D4DD139120807FB8009EEBE4 /* Assets.xcassets */ = {isa = PBXFileReference; lastKnownFileType = folder.assetcatalog; path = Assets.xcassets; sourceTree = "<group>"; };
		D4DD139420807FB8009EEBE4 /* Base */ = {isa = PBXFileReference; lastKnownFileType = file.storyboard; name = Base; path = Base.lproj/LaunchScreen.storyboard; sourceTree = "<group>"; };
		D4DD139620807FB8009EEBE4 /* Info.plist */ = {isa = PBXFileReference; lastKnownFileType = text.plist.xml; path = Info.plist; sourceTree = "<group>"; };
		D4DD139B20807FB8009EEBE4 /* CricketersCollectionViewTests.xctest */ = {isa = PBXFileReference; explicitFileType = wrapper.cfbundle; includeInIndex = 0; path = CricketersCollectionViewTests.xctest; sourceTree = BUILT_PRODUCTS_DIR; };
		D4DD139F20807FB8009EEBE4 /* CricketersCollectionViewTests.swift */ = {isa = PBXFileReference; lastKnownFileType = sourcecode.swift; path = CricketersCollectionViewTests.swift; sourceTree = "<group>"; };
		D4DD13A120807FB8009EEBE4 /* Info.plist */ = {isa = PBXFileReference; lastKnownFileType = text.plist.xml; path = Info.plist; sourceTree = "<group>"; };
		D4DD13A620807FB8009EEBE4 /* CricketersCollectionViewUITests.xctest */ = {isa = PBXFileReference; explicitFileType = wrapper.cfbundle; includeInIndex = 0; path = CricketersCollectionViewUITests.xctest; sourceTree = BUILT_PRODUCTS_DIR; };
		D4DD13AA20807FB8009EEBE4 /* CricketersCollectionViewUITests.swift */ = {isa = PBXFileReference; lastKnownFileType = sourcecode.swift; path = CricketersCollectionViewUITests.swift; sourceTree = "<group>"; };
		D4DD13AC20807FB8009EEBE4 /* Info.plist */ = {isa = PBXFileReference; lastKnownFileType = text.plist.xml; path = Info.plist; sourceTree = "<group>"; };
		D4DD13B820808430009EEBE4 /* CellCollection.swift */ = {isa = PBXFileReference; lastKnownFileType = sourcecode.swift; path = CellCollection.swift; sourceTree = "<group>"; };
/* End PBXFileReference section */

/* Begin PBXFrameworksBuildPhase section */
		D4DD138420807FB8009EEBE4 /* Frameworks */ = {
			isa = PBXFrameworksBuildPhase;
			buildActionMask = 2147483647;
			files = (
			);
			runOnlyForDeploymentPostprocessing = 0;
		};
		D4DD139820807FB8009EEBE4 /* Frameworks */ = {
			isa = PBXFrameworksBuildPhase;
			buildActionMask = 2147483647;
			files = (
			);
			runOnlyForDeploymentPostprocessing = 0;
		};
		D4DD13A320807FB8009EEBE4 /* Frameworks */ = {
			isa = PBXFrameworksBuildPhase;
			buildActionMask = 2147483647;
			files = (
			);
			runOnlyForDeploymentPostprocessing = 0;
		};
/* End PBXFrameworksBuildPhase section */

/* Begin PBXGroup section */
		D4DD137E20807FB8009EEBE4 = {
			isa = PBXGroup;
			children = (
				D4DD13B820808430009EEBE4 /* CellCollection.swift */,
				D4DD138920807FB8009EEBE4 /* CricketersCollectionView */,
				D4DD139E20807FB8009EEBE4 /* CricketersCollectionViewTests */,
				D4DD13A920807FB8009EEBE4 /* CricketersCollectionViewUITests */,
				D4DD138820807FB8009EEBE4 /* Products */,
			);
			sourceTree = "<group>";
		};
		D4DD138820807FB8009EEBE4 /* Products */ = {
			isa = PBXGroup;
			children = (
				D4DD138720807FB8009EEBE4 /* CricketersCollectionView.app */,
				D4DD139B20807FB8009EEBE4 /* CricketersCollectionViewTests.xctest */,
				D4DD13A620807FB8009EEBE4 /* CricketersCollectionViewUITests.xctest */,
			);
			name = Products;
			sourceTree = "<group>";
		};
		D4DD138920807FB8009EEBE4 /* CricketersCollectionView */ = {
			isa = PBXGroup;
			children = (
				D4DD138A20807FB8009EEBE4 /* AppDelegate.swift */,
				D4DD138C20807FB8009EEBE4 /* ViewController.swift */,
				D4DD138E20807FB8009EEBE4 /* Main.storyboard */,
				D4DD139120807FB8009EEBE4 /* Assets.xcassets */,
				D4DD139320807FB8009EEBE4 /* LaunchScreen.storyboard */,
				D4DD139620807FB8009EEBE4 /* Info.plist */,
			);
			path = CricketersCollectionView;
			sourceTree = "<group>";
		};
		D4DD139E20807FB8009EEBE4 /* CricketersCollectionViewTests */ = {
			isa = PBXGroup;
			children = (
				D4DD139F20807FB8009EEBE4 /* CricketersCollectionViewTests.swift */,
				D4DD13A120807FB8009EEBE4 /* Info.plist */,
			);
			path = CricketersCollectionViewTests;
			sourceTree = "<group>";
		};
		D4DD13A920807FB8009EEBE4 /* CricketersCollectionViewUITests */ = {
			isa = PBXGroup;
			children = (
				D4DD13AA20807FB8009EEBE4 /* CricketersCollectionViewUITests.swift */,
				D4DD13AC20807FB8009EEBE4 /* Info.plist */,
			);
			path = CricketersCollectionViewUITests;
			sourceTree = "<group>";
		};
/* End PBXGroup section */

/* Begin PBXNativeTarget section */
		D4DD138620807FB8009EEBE4 /* CricketersCollectionView */ = {
			isa = PBXNativeTarget;
			buildConfigurationList = D4DD13AF20807FB8009EEBE4 /* Build configuration list for PBXNativeTarget "CricketersCollectionView" */;
			buildPhases = (
				D4DD138320807FB8009EEBE4 /* Sources */,
				D4DD138420807FB8009EEBE4 /* Frameworks */,
				D4DD138520807FB8009EEBE4 /* Resources */,
			);
			buildRules = (
			);
			dependencies = (
			);
			name = CricketersCollectionView;
			productName = CricketersCollectionView;
			productReference = D4DD138720807FB8009EEBE4 /* CricketersCollectionView.app */;
			productType = "com.apple.product-type.application";
		};
		D4DD139A20807FB8009EEBE4 /* CricketersCollectionViewTests */ = {
			isa = PBXNativeTarget;
			buildConfigurationList = D4DD13B220807FB8009EEBE4 /* Build configuration list for PBXNativeTarget "CricketersCollectionViewTests" */;
			buildPhases = (
				D4DD139720807FB8009EEBE4 /* Sources */,
				D4DD139820807FB8009EEBE4 /* Frameworks */,
				D4DD139920807FB8009EEBE4 /* Resources */,
			);
			buildRules = (
			);
			dependencies = (
				D4DD139D20807FB8009EEBE4 /* PBXTargetDependency */,
			);
			name = CricketersCollectionViewTests;
			productName = CricketersCollectionViewTests;
			productReference = D4DD139B20807FB8009EEBE4 /* CricketersCollectionViewTests.xctest */;
			productType = "com.apple.product-type.bundle.unit-test";
		};
		D4DD13A520807FB8009EEBE4 /* CricketersCollectionViewUITests */ = {
			isa = PBXNativeTarget;
			buildConfigurationList = D4DD13B520807FB8009EEBE4 /* Build configuration list for PBXNativeTarget "CricketersCollectionViewUITests" */;
			buildPhases = (
				D4DD13A220807FB8009EEBE4 /* Sources */,
				D4DD13A320807FB8009EEBE4 /* Frameworks */,
				D4DD13A420807FB8009EEBE4 /* Resources */,
			);
			buildRules = (
			);
			dependencies = (
				D4DD13A820807FB8009EEBE4 /* PBXTargetDependency */,
			);
			name = CricketersCollectionViewUITests;
			productName = CricketersCollectionViewUITests;
			productReference = D4DD13A620807FB8009EEBE4 /* CricketersCollectionViewUITests.xctest */;
			productType = "com.apple.product-type.bundle.ui-testing";
		};
/* End PBXNativeTarget section */

/* Begin PBXProject section */
		D4DD137F20807FB8009EEBE4 /* Project object */ = {
			isa = PBXProject;
			attributes = {
				LastSwiftUpdateCheck = 0920;
				LastUpgradeCheck = 0920;
				ORGANIZATIONNAME = "Alivelu Ravula";
				TargetAttributes = {
					D4DD138620807FB8009EEBE4 = {
						CreatedOnToolsVersion = 9.2;
						ProvisioningStyle = Automatic;
					};
					D4DD139A20807FB8009EEBE4 = {
						CreatedOnToolsVersion = 9.2;
						ProvisioningStyle = Automatic;
						TestTargetID = D4DD138620807FB8009EEBE4;
					};
					D4DD13A520807FB8009EEBE4 = {
						CreatedOnToolsVersion = 9.2;
						ProvisioningStyle = Automatic;
						TestTargetID = D4DD138620807FB8009EEBE4;
					};
				};
			};
			buildConfigurationList = D4DD138220807FB8009EEBE4 /* Build configuration list for PBXProject "CricketersCollectionView" */;
			compatibilityVersion = "Xcode 8.0";
			developmentRegion = en;
			hasScannedForEncodings = 0;
			knownRegions = (
				en,
				Base,
			);
			mainGroup = D4DD137E20807FB8009EEBE4;
			productRefGroup = D4DD138820807FB8009EEBE4 /* Products */;
			projectDirPath = "";
			projectRoot = "";
			targets = (
				D4DD138620807FB8009EEBE4 /* CricketersCollectionView */,
				D4DD139A20807FB8009EEBE4 /* CricketersCollectionViewTests */,
				D4DD13A520807FB8009EEBE4 /* CricketersCollectionViewUITests */,
			);
		};
/* End PBXProject section */

/* Begin PBXResourcesBuildPhase section */
		D4DD138520807FB8009EEBE4 /* Resources */ = {
			isa = PBXResourcesBuildPhase;
			buildActionMask = 2147483647;
			files = (
				D4DD139520807FB8009EEBE4 /* LaunchScreen.storyboard in Resources */,
				D4DD139220807FB8009EEBE4 /* Assets.xcassets in Resources */,
				D4DD139020807FB8009EEBE4 /* Main.storyboard in Resources */,
			);
			runOnlyForDeploymentPostprocessing = 0;
		};
		D4DD139920807FB8009EEBE4 /* Resources */ = {
			isa = PBXResourcesBuildPhase;
			buildActionMask = 2147483647;
			files = (
			);
			runOnlyForDeploymentPostprocessing = 0;
		};
		D4DD13A420807FB8009EEBE4 /* Resources */ = {
			isa = PBXResourcesBuildPhase;
			buildActionMask = 2147483647;
			files = (
			);
			runOnlyForDeploymentPostprocessing = 0;
		};
/* End PBXResourcesBuildPhase section */

/* Begin PBXSourcesBuildPhase section */
		D4DD138320807FB8009EEBE4 /* Sources */ = {
			isa = PBXSourcesBuildPhase;
			buildActionMask = 2147483647;
			files = (
				D4DD138D20807FB8009EEBE4 /* ViewController.swift in Sources */,
				D4DD138B20807FB8009EEBE4 /* AppDelegate.swift in Sources */,
				D4DD13B920808430009EEBE4 /* CellCollection.swift in Sources */,
			);
			runOnlyForDeploymentPostprocessing = 0;
		};
		D4DD139720807FB8009EEBE4 /* Sources */ = {
			isa = PBXSourcesBuildPhase;
			buildActionMask = 2147483647;
			files = (
				D4DD13A020807FB8009EEBE4 /* CricketersCollectionViewTests.swift in Sources */,
			);
			runOnlyForDeploymentPostprocessing = 0;
		};
		D4DD13A220807FB8009EEBE4 /* Sources */ = {
			isa = PBXSourcesBuildPhase;
			buildActionMask = 2147483647;
			files = (
				D4DD13AB20807FB8009EEBE4 /* CricketersCollectionViewUITests.swift in Sources */,
			);
			runOnlyForDeploymentPostprocessing = 0;
		};
/* End PBXSourcesBuildPhase section */

/* Begin PBXTargetDependency section */
		D4DD139D20807FB8009EEBE4 /* PBXTargetDependency */ = {
			isa = PBXTargetDependency;
			target = D4DD138620807FB8009EEBE4 /* CricketersCollectionView */;
			targetProxy = D4DD139C20807FB8009EEBE4 /* PBXContainerItemProxy */;
		};
		D4DD13A820807FB8009EEBE4 /* PBXTargetDependency */ = {
			isa = PBXTargetDependency;
			target = D4DD138620807FB8009EEBE4 /* CricketersCollectionView */;
			targetProxy = D4DD13A720807FB8009EEBE4 /* PBXContainerItemProxy */;
		};
/* End PBXTargetDependency section */

/* Begin PBXVariantGroup section */
		D4DD138E20807FB8009EEBE4 /* Main.storyboard */ = {
			isa = PBXVariantGroup;
			children = (
				D4DD138F20807FB8009EEBE4 /* Base */,
			);
			name = Main.storyboard;
			sourceTree = "<group>";
		};
		D4DD139320807FB8009EEBE4 /* LaunchScreen.storyboard */ = {
			isa = PBXVariantGroup;
			children = (
				D4DD139420807FB8009EEBE4 /* Base */,
			);
			name = LaunchScreen.storyboard;
			sourceTree = "<group>";
		};
/* End PBXVariantGroup section */

/* Begin XCBuildConfiguration section */
		D4DD13AD20807FB8009EEBE4 /* Debug */ = {
			isa = XCBuildConfiguration;
			buildSettings = {
				ALWAYS_SEARCH_USER_PATHS = NO;
				CLANG_ANALYZER_NONNULL = YES;
				CLANG_ANALYZER_NUMBER_OBJECT_CONVERSION = YES_AGGRESSIVE;
				CLANG_CXX_LANGUAGE_STANDARD = "gnu++14";
				CLANG_CXX_LIBRARY = "libc++";
				CLANG_ENABLE_MODULES = YES;
				CLANG_ENABLE_OBJC_ARC = YES;
				CLANG_WARN_BLOCK_CAPTURE_AUTORELEASING = YES;
				CLANG_WARN_BOOL_CONVERSION = YES;
				CLANG_WARN_COMMA = YES;
				CLANG_WARN_CONSTANT_CONVERSION = YES;
				CLANG_WARN_DIRECT_OBJC_ISA_USAGE = YES_ERROR;
				CLANG_WARN_DOCUMENTATION_COMMENTS = YES;
				CLANG_WARN_EMPTY_BODY = YES;
				CLANG_WARN_ENUM_CONVERSION = YES;
				CLANG_WARN_INFINITE_RECURSION = YES;
				CLANG_WARN_INT_CONVERSION = YES;
				CLANG_WARN_NON_LITERAL_NULL_CONVERSION = YES;
				CLANG_WARN_OBJC_LITERAL_CONVERSION = YES;
				CLANG_WARN_OBJC_ROOT_CLASS = YES_ERROR;
				CLANG_WARN_RANGE_LOOP_ANALYSIS = YES;
				CLANG_WARN_STRICT_PROTOTYPES = YES;
				CLANG_WARN_SUSPICIOUS_MOVE = YES;
				CLANG_WARN_UNGUARDED_AVAILABILITY = YES_AGGRESSIVE;
				CLANG_WARN_UNREACHABLE_CODE = YES;
				CLANG_WARN__DUPLICATE_METHOD_MATCH = YES;
				CODE_SIGN_IDENTITY = "iPhone Developer";
				COPY_PHASE_STRIP = NO;
				DEBUG_INFORMATION_FORMAT = dwarf;
				ENABLE_STRICT_OBJC_MSGSEND = YES;
				ENABLE_TESTABILITY = YES;
				GCC_C_LANGUAGE_STANDARD = gnu11;
				GCC_DYNAMIC_NO_PIC = NO;
				GCC_NO_COMMON_BLOCKS = YES;
				GCC_OPTIMIZATION_LEVEL = 0;
				GCC_PREPROCESSOR_DEFINITIONS = (
					"DEBUG=1",
					"$(inherited)",
				);
				GCC_WARN_64_TO_32_BIT_CONVERSION = YES;
				GCC_WARN_ABOUT_RETURN_TYPE = YES_ERROR;
				GCC_WARN_UNDECLARED_SELECTOR = YES;
				GCC_WARN_UNINITIALIZED_AUTOS = YES_AGGRESSIVE;
				GCC_WARN_UNUSED_FUNCTION = YES;
				GCC_WARN_UNUSED_VARIABLE = YES;
				IPHONEOS_DEPLOYMENT_TARGET = 11.2;
				MTL_ENABLE_DEBUG_INFO = YES;
				ONLY_ACTIVE_ARCH = YES;
				SDKROOT = iphoneos;
				SWIFT_ACTIVE_COMPILATION_CONDITIONS = DEBUG;
				SWIFT_OPTIMIZATION_LEVEL = "-Onone";
			};
			name = Debug;
		};
		D4DD13AE20807FB8009EEBE4 /* Release */ = {
			isa = XCBuildConfiguration;
			buildSettings = {
				ALWAYS_SEARCH_USER_PATHS = NO;
				CLANG_ANALYZER_NONNULL = YES;
				CLANG_ANALYZER_NUMBER_OBJECT_CONVERSION = YES_AGGRESSIVE;
				CLANG_CXX_LANGUAGE_STANDARD = "gnu++14";
				CLANG_CXX_LIBRARY = "libc++";
				CLANG_ENABLE_MODULES = YES;
				CLANG_ENABLE_OBJC_ARC = YES;
				CLANG_WARN_BLOCK_CAPTURE_AUTORELEASING = YES;
				CLANG_WARN_BOOL_CONVERSION = YES;
				CLANG_WARN_COMMA = YES;
				CLANG_WARN_CONSTANT_CONVERSION = YES;
				CLANG_WARN_DIRECT_OBJC_ISA_USAGE = YES_ERROR;
				CLANG_WARN_DOCUMENTATION_COMMENTS = YES;
				CLANG_WARN_EMPTY_BODY = YES;
				CLANG_WARN_ENUM_CONVERSION = YES;
				CLANG_WARN_INFINITE_RECURSION = YES;
				CLANG_WARN_INT_CONVERSION = YES;
				CLANG_WARN_NON_LITERAL_NULL_CONVERSION = YES;
				CLANG_WARN_OBJC_LITERAL_CONVERSION = YES;
				CLANG_WARN_OBJC_ROOT_CLASS = YES_ERROR;
				CLANG_WARN_RANGE_LOOP_ANALYSIS = YES;
				CLANG_WARN_STRICT_PROTOTYPES = YES;
				CLANG_WARN_SUSPICIOUS_MOVE = YES;
				CLANG_WARN_UNGUARDED_AVAILABILITY = YES_AGGRESSIVE;
				CLANG_WARN_UNREACHABLE_CODE = YES;
				CLANG_WARN__DUPLICATE_METHOD_MATCH = YES;
				CODE_SIGN_IDENTITY = "iPhone Developer";
				COPY_PHASE_STRIP = NO;
				DEBUG_INFORMATION_FORMAT = "dwarf-with-dsym";
				ENABLE_NS_ASSERTIONS = NO;
				ENABLE_STRICT_OBJC_MSGSEND = YES;
				GCC_C_LANGUAGE_STANDARD = gnu11;
				GCC_NO_COMMON_BLOCKS = YES;
				GCC_WARN_64_TO_32_BIT_CONVERSION = YES;
				GCC_WARN_ABOUT_RETURN_TYPE = YES_ERROR;
				GCC_WARN_UNDECLARED_SELECTOR = YES;
				GCC_WARN_UNINITIALIZED_AUTOS = YES_AGGRESSIVE;
				GCC_WARN_UNUSED_FUNCTION = YES;
				GCC_WARN_UNUSED_VARIABLE = YES;
				IPHONEOS_DEPLOYMENT_TARGET = 11.2;
				MTL_ENABLE_DEBUG_INFO = NO;
				SDKROOT = iphoneos;
				SWIFT_OPTIMIZATION_LEVEL = "-Owholemodule";
				VALIDATE_PRODUCT = YES;
			};
			name = Release;
		};
		D4DD13B020807FB8009EEBE4 /* Debug */ = {
			isa = XCBuildConfiguration;
			buildSettings = {
				ASSETCATALOG_COMPILER_APPICON_NAME = AppIcon;
				CODE_SIGN_STYLE = Automatic;
				INFOPLIST_FILE = CricketersCollectionView/Info.plist;
				LD_RUNPATH_SEARCH_PATHS = "$(inherited) @executable_path/Frameworks";
				PRODUCT_BUNDLE_IDENTIFIER = brn.CricketersCollectionView;
				PRODUCT_NAME = "$(TARGET_NAME)";
				SWIFT_VERSION = 4.0;
				TARGETED_DEVICE_FAMILY = "1,2";
			};
			name = Debug;
		};
		D4DD13B120807FB8009EEBE4 /* Release */ = {
			isa = XCBuildConfiguration;
			buildSettings = {
				ASSETCATALOG_COMPILER_APPICON_NAME = AppIcon;
				CODE_SIGN_STYLE = Automatic;
				INFOPLIST_FILE = CricketersCollectionView/Info.plist;
				LD_RUNPATH_SEARCH_PATHS = "$(inherited) @executable_path/Frameworks";
				PRODUCT_BUNDLE_IDENTIFIER = brn.CricketersCollectionView;
				PRODUCT_NAME = "$(TARGET_NAME)";
				SWIFT_VERSION = 4.0;
				TARGETED_DEVICE_FAMILY = "1,2";
			};
			name = Release;
		};
		D4DD13B320807FB8009EEBE4 /* Debug */ = {
			isa = XCBuildConfiguration;
			buildSettings = {
				ALWAYS_EMBED_SWIFT_STANDARD_LIBRARIES = YES;
				BUNDLE_LOADER = "$(TEST_HOST)";
				CODE_SIGN_STYLE = Automatic;
				INFOPLIST_FILE = CricketersCollectionViewTests/Info.plist;
				LD_RUNPATH_SEARCH_PATHS = "$(inherited) @executable_path/Frameworks @loader_path/Frameworks";
				PRODUCT_BUNDLE_IDENTIFIER = brn.CricketersCollectionViewTests;
				PRODUCT_NAME = "$(TARGET_NAME)";
				SWIFT_VERSION = 4.0;
				TARGETED_DEVICE_FAMILY = "1,2";
				TEST_HOST = "$(BUILT_PRODUCTS_DIR)/CricketersCollectionView.app/CricketersCollectionView";
			};
			name = Debug;
		};
		D4DD13B420807FB8009EEBE4 /* Release */ = {
			isa = XCBuildConfiguration;
			buildSettings = {
				ALWAYS_EMBED_SWIFT_STANDARD_LIBRARIES = YES;
				BUNDLE_LOADER = "$(TEST_HOST)";
				CODE_SIGN_STYLE = Automatic;
				INFOPLIST_FILE = CricketersCollectionViewTests/Info.plist;
				LD_RUNPATH_SEARCH_PATHS = "$(inherited) @executable_path/Frameworks @loader_path/Frameworks";
				PRODUCT_BUNDLE_IDENTIFIER = brn.CricketersCollectionViewTests;
				PRODUCT_NAME = "$(TARGET_NAME)";
				SWIFT_VERSION = 4.0;
				TARGETED_DEVICE_FAMILY = "1,2";
				TEST_HOST = "$(BUILT_PRODUCTS_DIR)/CricketersCollectionView.app/CricketersCollectionView";
			};
			name = Release;
		};
		D4DD13B620807FB8009EEBE4 /* Debug */ = {
			isa = XCBuildConfiguration;
			buildSettings = {
				ALWAYS_EMBED_SWIFT_STANDARD_LIBRARIES = YES;
				CODE_SIGN_STYLE = Automatic;
				INFOPLIST_FILE = CricketersCollectionViewUITests/Info.plist;
				LD_RUNPATH_SEARCH_PATHS = "$(inherited) @executable_path/Frameworks @loader_path/Frameworks";
				PRODUCT_BUNDLE_IDENTIFIER = brn.CricketersCollectionViewUITests;
				PRODUCT_NAME = "$(TARGET_NAME)";
				SWIFT_VERSION = 4.0;
				TARGETED_DEVICE_FAMILY = "1,2";
				TEST_TARGET_NAME = CricketersCollectionView;
			};
			name = Debug;
		};
		D4DD13B720807FB8009EEBE4 /* Release */ = {
			isa = XCBuildConfiguration;
			buildSettings = {
				ALWAYS_EMBED_SWIFT_STANDARD_LIBRARIES = YES;
				CODE_SIGN_STYLE = Automatic;
				INFOPLIST_FILE = CricketersCollectionViewUITests/Info.plist;
				LD_RUNPATH_SEARCH_PATHS = "$(inherited) @executable_path/Frameworks @loader_path/Frameworks";
				PRODUCT_BUNDLE_IDENTIFIER = brn.CricketersCollectionViewUITests;
				PRODUCT_NAME = "$(TARGET_NAME)";
				SWIFT_VERSION = 4.0;
				TARGETED_DEVICE_FAMILY = "1,2";
				TEST_TARGET_NAME = CricketersCollectionView;
			};
			name = Release;
		};
/* End XCBuildConfiguration section */

/* Begin XCConfigurationList section */
		D4DD138220807FB8009EEBE4 /* Build configuration list for PBXProject "CricketersCollectionView" */ = {
			isa = XCConfigurationList;
			buildConfigurations = (
				D4DD13AD20807FB8009EEBE4 /* Debug */,
				D4DD13AE20807FB8009EEBE4 /* Release */,
			);
			defaultConfigurationIsVisible = 0;
			defaultConfigurationName = Release;
		};
		D4DD13AF20807FB8009EEBE4 /* Build configuration list for PBXNativeTarget "CricketersCollectionView" */ = {
			isa = XCConfigurationList;
			buildConfigurations = (
				D4DD13B020807FB8009EEBE4 /* Debug */,
				D4DD13B120807FB8009EEBE4 /* Release */,
			);
			defaultConfigurationIsVisible = 0;
			defaultConfigurationName = Release;
		};
		D4DD13B220807FB8009EEBE4 /* Build configuration list for PBXNativeTarget "CricketersCollectionViewTests" */ = {
			isa = XCConfigurationList;
			buildConfigurations = (
				D4DD13B320807FB8009EEBE4 /* Debug */,
				D4DD13B420807FB8009EEBE4 /* Release */,
			);
			defaultConfigurationIsVisible = 0;
			defaultConfigurationName = Release;
		};
		D4DD13B520807FB8009EEBE4 /* Build configuration list for PBXNativeTarget "CricketersCollectionViewUITests" */ = {
			isa = XCConfigurationList;
			buildConfigurations = (
				D4DD13B620807FB8009EEBE4 /* Debug */,
				D4DD13B720807FB8009EEBE4 /* Release */,
			);
			defaultConfigurationIsVisible = 0;
			defaultConfigurationName = Release;
		};
/* End XCConfigurationList section */
	};
	rootObject = D4DD137F20807FB8009EEBE4 /* Project object */;
}
